
Microsoft Visual Studio Solution File, Format Version 12.00
# Visual Studio Version 17
VisualStudioVersion = 17.3.32929.385
MinimumVisualStudioVersion = 10.0.40219.1
Project("{FAE04EC0-301F-11D3-BF4B-00C04F79EFBC}") = "ZaqvkaZaKoren", "ZaqvkaZaKoren\ZaqvkaZaKoren.csproj", "{8EDE15F5-AF30-4587-B504-72DE2F3D77BC}"
EndProject
Project("{FAE04EC0-301F-11D3-BF4B-00C04F79EFBC}") = "DefiniraneNaKlasPerson", "DefiniraneNaKlasPerson\DefiniraneNaKlasPerson.csproj", "{7F961508-B45C-4382-8823-9F5B7741CD72}"
EndProject
Project("{FAE04EC0-301F-11D3-BF4B-00C04F79EFBC}") = "DefiniraneNaKlasGeometry", "DefiniraneNaKlasGeometry\DefiniraneNaKlasGeometry.csproj", "{1ACABAF1-D04A-4A4A-8F2B-B854BCC86451}"
EndProject
Global
	GlobalSection(SolutionConfigurationPlatforms) = preSolution
		Debug|Any CPU = Debug|Any CPU
		Release|Any CPU = Release|Any CPU
	EndGlobalSection
	GlobalSection(ProjectConfigurationPlatforms) = postSolution
		{8EDE15F5-AF30-4587-B504-72DE2F3D77BC}.Debug|Any CPU.ActiveCfg = Debug|Any CPU
		{8EDE15F5-AF30-4587-B504-72DE2F3D77BC}.Debug|Any CPU.Build.0 = Debug|Any CPU
		{8EDE15F5-AF30-4587-B504-72DE2F3D77BC}.Release|Any CPU.ActiveCfg = Release|Any CPU
		{8EDE15F5-AF30-4587-B504-72DE2F3D77BC}.Release|Any CPU.Build.0 = Release|Any CPU
		{7F961508-B45C-4382-8823-9F5B7741CD72}.Debug|Any CPU.ActiveCfg = Debug|Any CPU
		{7F961508-B45C-4382-8823-9F5B7741CD72}.Debug|Any CPU.Build.0 = Debug|Any CPU
		{7F961508-B45C-4382-8823-9F5B7741CD72}.Release|Any CPU.ActiveCfg = Release|Any CPU
		{7F961508-B45C-4382-8823-9F5B7741CD72}.Release|Any CPU.Build.0 = Release|Any CPU
		{1ACABAF1-D04A-4A4A-8F2B-B854BCC86451}.Debug|Any CPU.ActiveCfg = Debug|Any CPU
		{1ACABAF1-D04A-4A4A-8F2B-B854BCC86451}.Debug|Any CPU.Build.0 = Debug|Any CPU
		{1ACABAF1-D04A-4A4A-8F2B-B854BCC86451}.Release|Any CPU.ActiveCfg = Release|Any CPU
		{1ACABAF1-D04A-4A4A-8F2B-B854BCC86451}.Release|Any CPU.Build.0 = Release|Any CPU
	EndGlobalSection
	GlobalSection(SolutionProperties) = preSolution
		HideSolutionNode = FALSE
	EndGlobalSection
	GlobalSection(ExtensibilityGlobals) = postSolution
		SolutionGuid = {D4226822-33F4-4417-8D62-C66E74F515CF}
	EndGlobalSection
EndGlobal
